
Microsoft Visual Studio Solution File, Format Version 12.00
# Visual Studio 15
VisualStudioVersion = 15.0.28010.2046
MinimumVisualStudioVersion = 10.0.40219.1
Project("{151D2E53-A2C4-4D7D-83FE-D05416EBD58E}") = "AzureResourceGroup4", "AzureResourceGroup4\AzureResourceGroup4.deployproj", "{041CC6A8-C013-4E55-A1EE-E3D97BCAABC3}"
EndProject
Global
	GlobalSection(SolutionConfigurationPlatforms) = preSolution
		Debug|Any CPU = Debug|Any CPU
		Release|Any CPU = Release|Any CPU
	EndGlobalSection
	GlobalSection(ProjectConfigurationPlatforms) = postSolution
		{041CC6A8-C013-4E55-A1EE-E3D97BCAABC3}.Debug|Any CPU.ActiveCfg = Debug|Any CPU
		{041CC6A8-C013-4E55-A1EE-E3D97BCAABC3}.Debug|Any CPU.Build.0 = Debug|Any CPU
		{041CC6A8-C013-4E55-A1EE-E3D97BCAABC3}.Release|Any CPU.ActiveCfg = Release|Any CPU
		{041CC6A8-C013-4E55-A1EE-E3D97BCAABC3}.Release|Any CPU.Build.0 = Release|Any CPU
	EndGlobalSection
	GlobalSection(SolutionProperties) = preSolution
		HideSolutionNode = FALSE
	EndGlobalSection
	GlobalSection(ExtensibilityGlobals) = postSolution
		SolutionGuid = {D7710E37-EBAC-49C9-816D-5EF5D5FCB01C}
	EndGlobalSection
EndGlobal
